{
  "name": "nodejs",
  "version": "1.0.0",
  "lockfileVersion": 3,
  "requires": true,
  "packages": {
    "": {
      "name": "nodejs",
      "version": "1.0.0",
      "license": "ISC",
      "dependencies": {
        "nodemailer": "^6.9.8",
        "password-generator": "^2.3.2"
      },
      "devDependencies": {}
    },
    "node_modules/nodemailer": {
      "version": "6.9.8",
      "resolved": "https://registry.npmjs.org/nodemailer/-/nodemailer-6.9.8.tgz",
      "integrity": "sha512-cfrYUk16e67Ks051i4CntM9kshRYei1/o/Gi8K1d+R34OIs21xdFnW7Pt7EucmVKA0LKtqUGNcjMZ7ehjl49mQ==",
      "engines": {
        "node": ">=6.0.0"
      }
    },
    "node_modules/password-generator": {
      "version": "2.3.2",
      "resolved": "https://registry.npmjs.org/password-generator/-/password-generator-2.3.2.tgz",
      "integrity": "sha512-kJWUrdveSAqHCeWJWnv5vNc89hFHM5au+pvKja5+xCTxlRF3zQaecJlR6hSoOotAJtQ3otQq4/Q4iWc/TxsXhA==",
      "bin": {
        "password-generator": "bin/password-generator"
      }
    }
  }
}
